// !$*UTF8*$!
{
	archiveVersion = 1;
	classes = {
	};
	objectVersion = 55;
	objects = {

/* Begin PBXBuildFile section */
		AE7DFDB52D67714100F74BB2 /* SwiftwulCryptoApp.swift in Sources */ = {isa = PBXBuildFile; fileRef = AE7DFDB42D67714100F74BB2 /* SwiftwulCryptoApp.swift */; };
		AE7DFDB72D67714100F74BB2 /* ContentView.swift in Sources */ = {isa = PBXBuildFile; fileRef = AE7DFDB62D67714100F74BB2 /* ContentView.swift */; };
		AE7DFDBC2D67714E00F74BB2 /* Preview Assets.xcassets in Resources */ = {isa = PBXBuildFile; fileRef = AE7DFDBB2D67714E00F74BB2 /* Preview Assets.xcassets */; };
		AE7DFDC32D6771D700F74BB2 /* Assets.xcassets in Resources */ = {isa = PBXBuildFile; fileRef = AE7DFDC22D6771D700F74BB2 /* Assets.xcassets */; };
		AE7DFDC62D6772AE00F74BB2 /* ColorExtension.swift in Sources */ = {isa = PBXBuildFile; fileRef = AE7DFDC52D6772AE00F74BB2 /* ColorExtension.swift */; };
		AE7DFDCD2D677BEA00F74BB2 /* HomeView.swift in Sources */ = {isa = PBXBuildFile; fileRef = AE7DFDCC2D677BEA00F74BB2 /* HomeView.swift */; };
		AE7DFDD22D677EEF00F74BB2 /* CircleButtonView.swift in Sources */ = {isa = PBXBuildFile; fileRef = AE7DFDD12D677EEF00F74BB2 /* CircleButtonView.swift */; };
/* End PBXBuildFile section */

/* Begin PBXFileReference section */
		AE7DFDB12D67714100F74BB2 /* Crypto Tracker.app */ = {isa = PBXFileReference; explicitFileType = wrapper.application; includeInIndex = 0; path = "Crypto Tracker.app"; sourceTree = BUILT_PRODUCTS_DIR; };
		AE7DFDB42D67714100F74BB2 /* SwiftwulCryptoApp.swift */ = {isa = PBXFileReference; lastKnownFileType = sourcecode.swift; path = SwiftwulCryptoApp.swift; sourceTree = "<group>"; };
		AE7DFDB62D67714100F74BB2 /* ContentView.swift */ = {isa = PBXFileReference; lastKnownFileType = sourcecode.swift; path = ContentView.swift; sourceTree = "<group>"; };
		AE7DFDBB2D67714E00F74BB2 /* Preview Assets.xcassets */ = {isa = PBXFileReference; lastKnownFileType = folder.assetcatalog; path = "Preview Assets.xcassets"; sourceTree = "<group>"; };
		AE7DFDC22D6771D700F74BB2 /* Assets.xcassets */ = {isa = PBXFileReference; lastKnownFileType = folder.assetcatalog; path = Assets.xcassets; sourceTree = "<group>"; };
		AE7DFDC52D6772AE00F74BB2 /* ColorExtension.swift */ = {isa = PBXFileReference; lastKnownFileType = sourcecode.swift; path = ColorExtension.swift; sourceTree = "<group>"; };
		AE7DFDCC2D677BEA00F74BB2 /* HomeView.swift */ = {isa = PBXFileReference; lastKnownFileType = sourcecode.swift; path = HomeView.swift; sourceTree = "<group>"; };
		AE7DFDD12D677EEF00F74BB2 /* CircleButtonView.swift */ = {isa = PBXFileReference; lastKnownFileType = sourcecode.swift; path = CircleButtonView.swift; sourceTree = "<group>"; };
/* End PBXFileReference section */

/* Begin PBXFrameworksBuildPhase section */
		AE7DFDAE2D67714100F74BB2 /* Frameworks */ = {
			isa = PBXFrameworksBuildPhase;
			buildActionMask = 2147483647;
			files = (
			);
			runOnlyForDeploymentPostprocessing = 0;
		};
/* End PBXFrameworksBuildPhase section */

/* Begin PBXGroup section */
		AE7DFDA82D67714100F74BB2 = {
			isa = PBXGroup;
			children = (
				AE7DFDB32D67714100F74BB2 /* SwiftwulCrypto */,
				AE7DFDB22D67714100F74BB2 /* Products */,
			);
			sourceTree = "<group>";
		};
		AE7DFDB22D67714100F74BB2 /* Products */ = {
			isa = PBXGroup;
			children = (
				AE7DFDB12D67714100F74BB2 /* Crypto Tracker.app */,
			);
			name = Products;
			sourceTree = "<group>";
		};
		AE7DFDB32D67714100F74BB2 /* SwiftwulCrypto */ = {
			isa = PBXGroup;
			children = (
				AE7DFDB42D67714100F74BB2 /* SwiftwulCryptoApp.swift */,
				AE7DFDC72D677B8400F74BB2 /* Core */,
				AE7DFDC42D67729100F74BB2 /* Extensions */,
				AE7DFDC22D6771D700F74BB2 /* Assets.xcassets */,
				AE7DFDB62D67714100F74BB2 /* ContentView.swift */,
				AE7DFDBA2D67714E00F74BB2 /* Preview Content */,
			);
			path = SwiftwulCrypto;
			sourceTree = "<group>";
		};
		AE7DFDBA2D67714E00F74BB2 /* Preview Content */ = {
			isa = PBXGroup;
			children = (
				AE7DFDBB2D67714E00F74BB2 /* Preview Assets.xcassets */,
			);
			path = "Preview Content";
			sourceTree = "<group>";
		};
		AE7DFDC42D67729100F74BB2 /* Extensions */ = {
			isa = PBXGroup;
			children = (
				AE7DFDC52D6772AE00F74BB2 /* ColorExtension.swift */,
			);
			path = Extensions;
			sourceTree = "<group>";
		};
		AE7DFDC72D677B8400F74BB2 /* Core */ = {
			isa = PBXGroup;
			children = (
				AE7DFDCE2D677EAE00F74BB2 /* Componets */,
				AE7DFDC92D677B9F00F74BB2 /* Home */,
			);
			path = Core;
			sourceTree = "<group>";
		};
		AE7DFDC92D677B9F00F74BB2 /* Home */ = {
			isa = PBXGroup;
			children = (
				AE7DFDCA2D677BAA00F74BB2 /* ViewModel */,
				AE7DFDCB2D677BB600F74BB2 /* Views */,
			);
			path = Home;
			sourceTree = "<group>";
		};
		AE7DFDCA2D677BAA00F74BB2 /* ViewModel */ = {
			isa = PBXGroup;
			children = (
			);
			path = ViewModel;
			sourceTree = "<group>";
		};
		AE7DFDCB2D677BB600F74BB2 /* Views */ = {
			isa = PBXGroup;
			children = (
				AE7DFDCC2D677BEA00F74BB2 /* HomeView.swift */,
			);
			path = Views;
			sourceTree = "<group>";
		};
		AE7DFDCE2D677EAE00F74BB2 /* Componets */ = {
			isa = PBXGroup;
			children = (
				AE7DFDD02D677ECD00F74BB2 /* CircleButton */,
			);
			path = Componets;
			sourceTree = "<group>";
		};
		AE7DFDD02D677ECD00F74BB2 /* CircleButton */ = {
			isa = PBXGroup;
			children = (
				AE7DFDD12D677EEF00F74BB2 /* CircleButtonView.swift */,
			);
			path = CircleButton;
			sourceTree = "<group>";
		};
/* End PBXGroup section */

/* Begin PBXNativeTarget section */
		AE7DFDB02D67714100F74BB2 /* SwiftwulCrypto */ = {
			isa = PBXNativeTarget;
			buildConfigurationList = AE7DFDBF2D67714E00F74BB2 /* Build configuration list for PBXNativeTarget "SwiftwulCrypto" */;
			buildPhases = (
				AE7DFDAD2D67714100F74BB2 /* Sources */,
				AE7DFDAE2D67714100F74BB2 /* Frameworks */,
				AE7DFDAF2D67714100F74BB2 /* Resources */,
			);
			buildRules = (
			);
			dependencies = (
			);
			name = SwiftwulCrypto;
			productName = SwiftwulCrypto;
			productReference = AE7DFDB12D67714100F74BB2 /* Crypto Tracker.app */;
			productType = "com.apple.product-type.application";
		};
/* End PBXNativeTarget section */

/* Begin PBXProject section */
		AE7DFDA92D67714100F74BB2 /* Project object */ = {
			isa = PBXProject;
			attributes = {
				BuildIndependentTargetsInParallel = 1;
				LastSwiftUpdateCheck = 1300;
				LastUpgradeCheck = 1300;
				TargetAttributes = {
					AE7DFDB02D67714100F74BB2 = {
						CreatedOnToolsVersion = 13.0;
					};
				};
			};
			buildConfigurationList = AE7DFDAC2D67714100F74BB2 /* Build configuration list for PBXProject "SwiftwulCrypto" */;
			compatibilityVersion = "Xcode 13.0";
			developmentRegion = en;
			hasScannedForEncodings = 0;
			knownRegions = (
				en,
				Base,
			);
			mainGroup = AE7DFDA82D67714100F74BB2;
			productRefGroup = AE7DFDB22D67714100F74BB2 /* Products */;
			projectDirPath = "";
			projectRoot = "";
			targets = (
				AE7DFDB02D67714100F74BB2 /* SwiftwulCrypto */,
			);
		};
/* End PBXProject section */

/* Begin PBXResourcesBuildPhase section */
		AE7DFDAF2D67714100F74BB2 /* Resources */ = {
			isa = PBXResourcesBuildPhase;
			buildActionMask = 2147483647;
			files = (
				AE7DFDC32D6771D700F74BB2 /* Assets.xcassets in Resources */,
				AE7DFDBC2D67714E00F74BB2 /* Preview Assets.xcassets in Resources */,
			);
			runOnlyForDeploymentPostprocessing = 0;
		};
/* End PBXResourcesBuildPhase section */

/* Begin PBXSourcesBuildPhase section */
		AE7DFDAD2D67714100F74BB2 /* Sources */ = {
			isa = PBXSourcesBuildPhase;
			buildActionMask = 2147483647;
			files = (
				AE7DFDC62D6772AE00F74BB2 /* ColorExtension.swift in Sources */,
				AE7DFDCD2D677BEA00F74BB2 /* HomeView.swift in Sources */,
				AE7DFDB72D67714100F74BB2 /* ContentView.swift in Sources */,
				AE7DFDD22D677EEF00F74BB2 /* CircleButtonView.swift in Sources */,
				AE7DFDB52D67714100F74BB2 /* SwiftwulCryptoApp.swift in Sources */,
			);
			runOnlyForDeploymentPostprocessing = 0;
		};
/* End PBXSourcesBuildPhase section */

/* Begin XCBuildConfiguration section */
		AE7DFDBD2D67714E00F74BB2 /* Debug */ = {
			isa = XCBuildConfiguration;
			buildSettings = {
				ALWAYS_SEARCH_USER_PATHS = NO;
				CLANG_ANALYZER_NONNULL = YES;
				CLANG_ANALYZER_NUMBER_OBJECT_CONVERSION = YES_AGGRESSIVE;
				CLANG_CXX_LANGUAGE_STANDARD = "gnu++17";
				CLANG_CXX_LIBRARY = "libc++";
				CLANG_ENABLE_MODULES = YES;
				CLANG_ENABLE_OBJC_ARC = YES;
				CLANG_ENABLE_OBJC_WEAK = YES;
				CLANG_WARN_BLOCK_CAPTURE_AUTORELEASING = YES;
				CLANG_WARN_BOOL_CONVERSION = YES;
				CLANG_WARN_COMMA = YES;
				CLANG_WARN_CONSTANT_CONVERSION = YES;
				CLANG_WARN_DEPRECATED_OBJC_IMPLEMENTATIONS = YES;
				CLANG_WARN_DIRECT_OBJC_ISA_USAGE = YES_ERROR;
				CLANG_WARN_DOCUMENTATION_COMMENTS = YES;
				CLANG_WARN_EMPTY_BODY = YES;
				CLANG_WARN_ENUM_CONVERSION = YES;
				CLANG_WARN_INFINITE_RECURSION = YES;
				CLANG_WARN_INT_CONVERSION = YES;
				CLANG_WARN_NON_LITERAL_NULL_CONVERSION = YES;
				CLANG_WARN_OBJC_IMPLICIT_RETAIN_SELF = YES;
				CLANG_WARN_OBJC_LITERAL_CONVERSION = YES;
				CLANG_WARN_OBJC_ROOT_CLASS = YES_ERROR;
				CLANG_WARN_QUOTED_INCLUDE_IN_FRAMEWORK_HEADER = YES;
				CLANG_WARN_RANGE_LOOP_ANALYSIS = YES;
				CLANG_WARN_STRICT_PROTOTYPES = YES;
				CLANG_WARN_SUSPICIOUS_MOVE = YES;
				CLANG_WARN_UNGUARDED_AVAILABILITY = YES_AGGRESSIVE;
				CLANG_WARN_UNREACHABLE_CODE = YES;
				CLANG_WARN__DUPLICATE_METHOD_MATCH = YES;
				COPY_PHASE_STRIP = NO;
				DEBUG_INFORMATION_FORMAT = dwarf;
				ENABLE_STRICT_OBJC_MSGSEND = YES;
				ENABLE_TESTABILITY = YES;
				GCC_C_LANGUAGE_STANDARD = gnu11;
				GCC_DYNAMIC_NO_PIC = NO;
				GCC_NO_COMMON_BLOCKS = YES;
				GCC_OPTIMIZATION_LEVEL = 0;
				GCC_PREPROCESSOR_DEFINITIONS = (
					"DEBUG=1",
					"$(inherited)",
				);
				GCC_WARN_64_TO_32_BIT_CONVERSION = YES;
				GCC_WARN_ABOUT_RETURN_TYPE = YES_ERROR;
				GCC_WARN_UNDECLARED_SELECTOR = YES;
				GCC_WARN_UNINITIALIZED_AUTOS = YES_AGGRESSIVE;
				GCC_WARN_UNUSED_FUNCTION = YES;
				GCC_WARN_UNUSED_VARIABLE = YES;
				IPHONEOS_DEPLOYMENT_TARGET = 15.0;
				MTL_ENABLE_DEBUG_INFO = INCLUDE_SOURCE;
				MTL_FAST_MATH = YES;
				ONLY_ACTIVE_ARCH = YES;
				SDKROOT = iphoneos;
				SWIFT_ACTIVE_COMPILATION_CONDITIONS = DEBUG;
				SWIFT_OPTIMIZATION_LEVEL = "-Onone";
			};
			name = Debug;
		};
		AE7DFDBE2D67714E00F74BB2 /* Release */ = {
			isa = XCBuildConfiguration;
			buildSettings = {
				ALWAYS_SEARCH_USER_PATHS = NO;
				CLANG_ANALYZER_NONNULL = YES;
				CLANG_ANALYZER_NUMBER_OBJECT_CONVERSION = YES_AGGRESSIVE;
				CLANG_CXX_LANGUAGE_STANDARD = "gnu++17";
				CLANG_CXX_LIBRARY = "libc++";
				CLANG_ENABLE_MODULES = YES;
				CLANG_ENABLE_OBJC_ARC = YES;
				CLANG_ENABLE_OBJC_WEAK = YES;
				CLANG_WARN_BLOCK_CAPTURE_AUTORELEASING = YES;
				CLANG_WARN_BOOL_CONVERSION = YES;
				CLANG_WARN_COMMA = YES;
				CLANG_WARN_CONSTANT_CONVERSION = YES;
				CLANG_WARN_DEPRECATED_OBJC_IMPLEMENTATIONS = YES;
				CLANG_WARN_DIRECT_OBJC_ISA_USAGE = YES_ERROR;
				CLANG_WARN_DOCUMENTATION_COMMENTS = YES;
				CLANG_WARN_EMPTY_BODY = YES;
				CLANG_WARN_ENUM_CONVERSION = YES;
				CLANG_WARN_INFINITE_RECURSION = YES;
				CLANG_WARN_INT_CONVERSION = YES;
				CLANG_WARN_NON_LITERAL_NULL_CONVERSION = YES;
				CLANG_WARN_OBJC_IMPLICIT_RETAIN_SELF = YES;
				CLANG_WARN_OBJC_LITERAL_CONVERSION = YES;
				CLANG_WARN_OBJC_ROOT_CLASS = YES_ERROR;
				CLANG_WARN_QUOTED_INCLUDE_IN_FRAMEWORK_HEADER = YES;
				CLANG_WARN_RANGE_LOOP_ANALYSIS = YES;
				CLANG_WARN_STRICT_PROTOTYPES = YES;
				CLANG_WARN_SUSPICIOUS_MOVE = YES;
				CLANG_WARN_UNGUARDED_AVAILABILITY = YES_AGGRESSIVE;
				CLANG_WARN_UNREACHABLE_CODE = YES;
				CLANG_WARN__DUPLICATE_METHOD_MATCH = YES;
				COPY_PHASE_STRIP = NO;
				DEBUG_INFORMATION_FORMAT = "dwarf-with-dsym";
				ENABLE_NS_ASSERTIONS = NO;
				ENABLE_STRICT_OBJC_MSGSEND = YES;
				GCC_C_LANGUAGE_STANDARD = gnu11;
				GCC_NO_COMMON_BLOCKS = YES;
				GCC_WARN_64_TO_32_BIT_CONVERSION = YES;
				GCC_WARN_ABOUT_RETURN_TYPE = YES_ERROR;
				GCC_WARN_UNDECLARED_SELECTOR = YES;
				GCC_WARN_UNINITIALIZED_AUTOS = YES_AGGRESSIVE;
				GCC_WARN_UNUSED_FUNCTION = YES;
				GCC_WARN_UNUSED_VARIABLE = YES;
				IPHONEOS_DEPLOYMENT_TARGET = 15.0;
				MTL_ENABLE_DEBUG_INFO = NO;
				MTL_FAST_MATH = YES;
				SDKROOT = iphoneos;
				SWIFT_COMPILATION_MODE = wholemodule;
				SWIFT_OPTIMIZATION_LEVEL = "-O";
				VALIDATE_PRODUCT = YES;
			};
			name = Release;
		};
		AE7DFDC02D67714E00F74BB2 /* Debug */ = {
			isa = XCBuildConfiguration;
			buildSettings = {
				ASSETCATALOG_COMPILER_APPICON_NAME = AppIcon;
				ASSETCATALOG_COMPILER_GLOBAL_ACCENT_COLOR_NAME = AccentColor;
				CODE_SIGN_STYLE = Automatic;
				CURRENT_PROJECT_VERSION = 1;
				DEVELOPMENT_ASSET_PATHS = "\"SwiftwulCrypto/Preview Content\"";
				ENABLE_PREVIEWS = YES;
				GENERATE_INFOPLIST_FILE = YES;
				INFOPLIST_KEY_UIApplicationSceneManifest_Generation = YES;
				INFOPLIST_KEY_UIApplicationSupportsIndirectInputEvents = YES;
				INFOPLIST_KEY_UILaunchScreen_Generation = YES;
				INFOPLIST_KEY_UISupportedInterfaceOrientations = UIInterfaceOrientationPortrait;
				INFOPLIST_KEY_UISupportedInterfaceOrientations_iPad = "UIInterfaceOrientationPortrait UIInterfaceOrientationPortraitUpsideDown UIInterfaceOrientationLandscapeLeft UIInterfaceOrientationLandscapeRight";
				INFOPLIST_KEY_UISupportedInterfaceOrientations_iPhone = "UIInterfaceOrientationPortrait UIInterfaceOrientationLandscapeLeft UIInterfaceOrientationLandscapeRight";
				IPHONEOS_DEPLOYMENT_TARGET = 14.0;
				LD_RUNPATH_SEARCH_PATHS = (
					"$(inherited)",
					"@executable_path/Frameworks",
				);
				MARKETING_VERSION = 1.0;
				PRODUCT_BUNDLE_IDENTIFIER = com.myorganization.SwiftwulCrypto;
				PRODUCT_NAME = "Crypto Tracker";
				SWIFT_EMIT_LOC_STRINGS = YES;
				SWIFT_VERSION = 5.0;
				TARGETED_DEVICE_FAMILY = "1,2";
			};
			name = Debug;
		};
		AE7DFDC12D67714E00F74BB2 /* Release */ = {
			isa = XCBuildConfiguration;
			buildSettings = {
				ASSETCATALOG_COMPILER_APPICON_NAME = AppIcon;
				ASSETCATALOG_COMPILER_GLOBAL_ACCENT_COLOR_NAME = AccentColor;
				CODE_SIGN_STYLE = Automatic;
				CURRENT_PROJECT_VERSION = 1;
				DEVELOPMENT_ASSET_PATHS = "\"SwiftwulCrypto/Preview Content\"";
				ENABLE_PREVIEWS = YES;
				GENERATE_INFOPLIST_FILE = YES;
				INFOPLIST_KEY_UIApplicationSceneManifest_Generation = YES;
				INFOPLIST_KEY_UIApplicationSupportsIndirectInputEvents = YES;
				INFOPLIST_KEY_UILaunchScreen_Generation = YES;
				INFOPLIST_KEY_UISupportedInterfaceOrientations = UIInterfaceOrientationPortrait;
				INFOPLIST_KEY_UISupportedInterfaceOrientations_iPad = "UIInterfaceOrientationPortrait UIInterfaceOrientationPortraitUpsideDown UIInterfaceOrientationLandscapeLeft UIInterfaceOrientationLandscapeRight";
				INFOPLIST_KEY_UISupportedInterfaceOrientations_iPhone = "UIInterfaceOrientationPortrait UIInterfaceOrientationLandscapeLeft UIInterfaceOrientationLandscapeRight";
				IPHONEOS_DEPLOYMENT_TARGET = 14.0;
				LD_RUNPATH_SEARCH_PATHS = (
					"$(inherited)",
					"@executable_path/Frameworks",
				);
				MARKETING_VERSION = 1.0;
				PRODUCT_BUNDLE_IDENTIFIER = com.myorganization.SwiftwulCrypto;
				PRODUCT_NAME = "Crypto Tracker";
				SWIFT_EMIT_LOC_STRINGS = YES;
				SWIFT_VERSION = 5.0;
				TARGETED_DEVICE_FAMILY = "1,2";
			};
			name = Release;
		};
/* End XCBuildConfiguration section */

/* Begin XCConfigurationList section */
		AE7DFDAC2D67714100F74BB2 /* Build configuration list for PBXProject "SwiftwulCrypto" */ = {
			isa = XCConfigurationList;
			buildConfigurations = (
				AE7DFDBD2D67714E00F74BB2 /* Debug */,
				AE7DFDBE2D67714E00F74BB2 /* Release */,
			);
			defaultConfigurationIsVisible = 0;
			defaultConfigurationName = Release;
		};
		AE7DFDBF2D67714E00F74BB2 /* Build configuration list for PBXNativeTarget "SwiftwulCrypto" */ = {
			isa = XCConfigurationList;
			buildConfigurations = (
				AE7DFDC02D67714E00F74BB2 /* Debug */,
				AE7DFDC12D67714E00F74BB2 /* Release */,
			);
			defaultConfigurationIsVisible = 0;
			defaultConfigurationName = Release;
		};
/* End XCConfigurationList section */
	};
	rootObject = AE7DFDA92D67714100F74BB2 /* Project object */;
}
